
Microsoft Visual Studio Solution File, Format Version 12.00
# Visual Studio 2013
VisualStudioVersion = 12.0.31101.0
MinimumVisualStudioVersion = 10.0.40219.1
Project("{FAE04EC0-301F-11D3-BF4B-00C04F79EFBC}") = "Test", "OpskriftTest\Test.csproj", "{4D4F43E9-B0AB-4157-BBC9-4893DBBA0752}"
EndProject
Project("{FAE04EC0-301F-11D3-BF4B-00C04F79EFBC}") = "MadspildGUI", "MadspildGUI\MadspildGUI.csproj", "{27A56269-AC9E-4CB8-8C73-189ED7F0EB96}"
EndProject
Global
	GlobalSection(SolutionConfigurationPlatforms) = preSolution
		Debug|Any CPU = Debug|Any CPU
		Release|Any CPU = Release|Any CPU
	EndGlobalSection
	GlobalSection(ProjectConfigurationPlatforms) = postSolution
		{4D4F43E9-B0AB-4157-BBC9-4893DBBA0752}.Debug|Any CPU.ActiveCfg = Debug|Any CPU
		{4D4F43E9-B0AB-4157-BBC9-4893DBBA0752}.Debug|Any CPU.Build.0 = Debug|Any CPU
		{4D4F43E9-B0AB-4157-BBC9-4893DBBA0752}.Release|Any CPU.ActiveCfg = Release|Any CPU
		{4D4F43E9-B0AB-4157-BBC9-4893DBBA0752}.Release|Any CPU.Build.0 = Release|Any CPU
		{27A56269-AC9E-4CB8-8C73-189ED7F0EB96}.Debug|Any CPU.ActiveCfg = Debug|Any CPU
		{27A56269-AC9E-4CB8-8C73-189ED7F0EB96}.Debug|Any CPU.Build.0 = Debug|Any CPU
		{27A56269-AC9E-4CB8-8C73-189ED7F0EB96}.Release|Any CPU.ActiveCfg = Release|Any CPU
		{27A56269-AC9E-4CB8-8C73-189ED7F0EB96}.Release|Any CPU.Build.0 = Release|Any CPU
	EndGlobalSection
	GlobalSection(SolutionProperties) = preSolution
		HideSolutionNode = FALSE
	EndGlobalSection
EndGlobal
